{
  "version": 4,
  "terraform_version": "0.15.5",
  "serial": 29,
  "lineage": "1d854ff8-d093-05d9-cee4-f1d6816e9e18",
  "outputs": {},
  "resources": [
    {
      "mode": "managed",
      "type": "azurerm_resource_group",
      "name": "example",
      "provider": "provider[\"registry.terraform.io/hashicorp/azurerm\"]",
      "instances": [
        {
          "schema_version": 0,
          "attributes": {
            "id": "/subscriptions/56d91b46-3e3f-42e8-a4e2-f9a3437bac87/resourceGroups/example-resources",
            "location": "eastus",
            "name": "example-resources",
            "tags": {},
            "timeouts": null
          },
          "sensitive_attributes": [],
          "private": "eyJlMmJmYjczMC1lY2FhLTExZTYtOGY4OC0zNDM2M2JjN2M0YzAiOnsiY3JlYXRlIjo1NDAwMDAwMDAwMDAwLCJkZWxldGUiOjU0MDAwMDAwMDAwMDAsInJlYWQiOjMwMDAwMDAwMDAwMCwidXBkYXRlIjo1NDAwMDAwMDAwMDAwfX0="
        }
      ]
    },
    {
      "module": "module.network",
      "mode": "managed",
      "type": "azurerm_subnet",
      "name": "example",
      "provider": "provider[\"registry.terraform.io/hashicorp/azurerm\"]",
      "instances": []
    },
    {
      "module": "module.windowsVm",
      "mode": "data",
      "type": "azurerm_key_vault",
      "name": "terrakv",
      "provider": "provider[\"registry.terraform.io/hashicorp/azurerm\"]",
      "instances": [
        {
          "schema_version": 0,
          "attributes": {
            "access_policy": [
              {
                "application_id": "",
                "certificate_permissions": [
                  "Get",
                  "List",
                  "Update",
                  "Create",
                  "Import",
                  "Delete",
                  "Recover",
                  "Backup",
                  "Restore",
                  "ManageContacts",
                  "ManageIssuers",
                  "GetIssuers",
                  "ListIssuers",
                  "SetIssuers",
                  "DeleteIssuers"
                ],
                "key_permissions": [
                  "Get",
                  "List",
                  "Update",
                  "Create",
                  "Import",
                  "Delete",
                  "Recover",
                  "Backup",
                  "Restore"
                ],
                "object_id": "6cd1f61a-845a-4d0a-83f1-35cb21910dde",
                "secret_permissions": [
                  "Get",
                  "List",
                  "Set",
                  "Delete",
                  "Recover",
                  "Backup",
                  "Restore"
                ],
                "storage_permissions": [],
                "tenant_id": "d5ed956e-2389-4927-a96d-8b6218f54070"
              }
            ],
            "enabled_for_deployment": false,
            "enabled_for_disk_encryption": false,
            "enabled_for_template_deployment": false,
            "id": "/subscriptions/56d91b46-3e3f-42e8-a4e2-f9a3437bac87/resourceGroups/mykv/providers/Microsoft.KeyVault/vaults/terrakvnew",
            "location": "eastus",
            "name": "terrakvnew",
            "network_acls": [],
            "purge_protection_enabled": false,
            "resource_group_name": "mykv",
            "sku_name": "Standard",
            "soft_delete_enabled": true,
            "tags": {},
            "tenant_id": "d5ed956e-2389-4927-a96d-8b6218f54070",
            "timeouts": null,
            "vault_uri": "https://terrakvnew.vault.azure.net/"
          },
          "sensitive_attributes": []
        }
      ]
    },
    {
      "module": "module.windowsVm",
      "mode": "data",
      "type": "azurerm_key_vault_secret",
      "name": "kvsecret",
      "provider": "provider[\"registry.terraform.io/hashicorp/azurerm\"]",
      "instances": [
        {
          "schema_version": 0,
          "attributes": {
            "content_type": "",
            "id": "https://terrakvnew.vault.azure.net/secrets/secret/5ccf7d54029d4b62b0ca2c0305ccd6f9",
            "key_vault_id": "/subscriptions/56d91b46-3e3f-42e8-a4e2-f9a3437bac87/resourceGroups/mykv/providers/Microsoft.KeyVault/vaults/terrakvnew",
            "name": "secret",
            "tags": {},
            "timeouts": null,
            "value": "P@$$w0rd1234!",
            "version": "5ccf7d54029d4b62b0ca2c0305ccd6f9",
            "versionless_id": "https://terrakvnew.vault.azure.net/secrets/secret"
          },
          "sensitive_attributes": []
        }
      ]
    },
    {
      "module": "module.windowsVm",
      "mode": "managed",
      "type": "azurerm_network_interface",
      "name": "example",
      "provider": "provider[\"registry.terraform.io/hashicorp/azurerm\"]",
      "instances": []
    },
    {
      "module": "module.windowsVm",
      "mode": "managed",
      "type": "azurerm_windows_virtual_machine",
      "name": "example",
      "provider": "provider[\"registry.terraform.io/hashicorp/azurerm\"]",
      "instances": []
    }
  ]
}
